# THIS IS AN AUTOGENERATED FILE. DO NOT EDIT THIS FILE DIRECTLY.
# yarn lockfile v1


adler-32@~1.2.0:
  version "1.2.0"
  resolved "https://registry.yarnpkg.com/adler-32/-/adler-32-1.2.0.tgz#6a3e6bf0a63900ba15652808cb15c6813d1a5f25"
  dependencies:
    exit-on-epipe "~1.0.1"
    printj "~1.1.0"

buffer-writer@1.0.1:
  version "1.0.1"
  resolved "https://registry.yarnpkg.com/buffer-writer/-/buffer-writer-1.0.1.tgz#22a936901e3029afcd7547eb4487ceb697a3bf08"

cfb@~1.0.2:
  version "1.0.4"
  resolved "https://registry.yarnpkg.com/cfb/-/cfb-1.0.4.tgz#d7253209aa20c026fb83225725b677506d1ee4cb"
  dependencies:
    commander "^2.12.1"
    printj "~1.1.1"

codepage@~1.12.0:
  version "1.12.2"
  resolved "https://registry.yarnpkg.com/codepage/-/codepage-1.12.2.tgz#fd4424448c8bf1db5d7e01f9ecf9e8346582a195"
  dependencies:
    commander "~2.14.1"
    exit-on-epipe "~1.0.1"

commander@^2.12.1, commander@~2.14.1:
  version "2.14.1"
  resolved "https://registry.yarnpkg.com/commander/-/commander-2.14.1.tgz#2235123e37af8ca3c65df45b026dbd357b01b9aa"

commander@~2.13.0:
  version "2.13.0"
  resolved "https://registry.yarnpkg.com/commander/-/commander-2.13.0.tgz#6964bca67685df7c1f1430c584f07d7597885b9c"

concurrify@^1.0.0:
  version "1.0.3"
  resolved "https://registry.yarnpkg.com/concurrify/-/concurrify-1.0.3.tgz#591f4675271b5ee5b90ef209eadda37b782e735b"
  dependencies:
    sanctuary-type-classes "^8.0.0"
    sanctuary-type-identifiers "^2.0.0"

crc-32@~1.2.0:
  version "1.2.0"
  resolved "https://registry.yarnpkg.com/crc-32/-/crc-32-1.2.0.tgz#cb2db6e29b88508e32d9dd0ec1693e7b41a18208"
  dependencies:
    exit-on-epipe "~1.0.1"
    printj "~1.1.0"

denque@^1.1.1:
  version "1.2.3"
  resolved "https://registry.yarnpkg.com/denque/-/denque-1.2.3.tgz#98c50c8dd8cdfae318cc5859cc8ee3da0f9b0cc2"

exit-on-epipe@~1.0.1:
  version "1.0.1"
  resolved "https://registry.yarnpkg.com/exit-on-epipe/-/exit-on-epipe-1.0.1.tgz#0bdd92e87d5285d267daa8171d0eb06159689692"

fluture@^8.0.1, fluture@^8.0.2:
  version "8.0.2"
  resolved "https://registry.yarnpkg.com/fluture/-/fluture-8.0.2.tgz#015f8b36b994188fb33d3bfa0da327b520a5e047"
  dependencies:
    concurrify "^1.0.0"
    denque "^1.1.1"
    inspect-f "^1.2.0"
    sanctuary-type-classes "^8.0.0"
    sanctuary-type-identifiers "^2.0.0"

frac@~1.1.2:
  version "1.1.2"
  resolved "https://registry.yarnpkg.com/frac/-/frac-1.1.2.tgz#3d74f7f6478c88a1b5020306d747dc6313c74d0b"

inspect-f@^1.2.0:
  version "1.2.2"
  resolved "https://registry.yarnpkg.com/inspect-f/-/inspect-f-1.2.2.tgz#7572803dc59099850e51d5c94f3d7962df10e46d"

js-string-escape@1.0.1:
  version "1.0.1"
  resolved "https://registry.yarnpkg.com/js-string-escape/-/js-string-escape-1.0.1.tgz#e2625badbc0d67c7533e9edc1068c587ae4137ef"

node-xlsx@^0.11.2:
  version "0.11.2"
  resolved "https://registry.yarnpkg.com/node-xlsx/-/node-xlsx-0.11.2.tgz#0bb03ce61be9adc0b186d55c4b0f8404fe321aae"
  dependencies:
    xlsx "^0.11.10"

packet-reader@0.3.1:
  version "0.3.1"
  resolved "https://registry.yarnpkg.com/packet-reader/-/packet-reader-0.3.1.tgz#cd62e60af8d7fea8a705ec4ff990871c46871f27"

pg-connection-string@0.1.3:
  version "0.1.3"
  resolved "https://registry.yarnpkg.com/pg-connection-string/-/pg-connection-string-0.1.3.tgz#da1847b20940e42ee1492beaf65d49d91b245df7"

pg-pool@~2.0.3:
  version "2.0.3"
  resolved "https://registry.yarnpkg.com/pg-pool/-/pg-pool-2.0.3.tgz#c022032c8949f312a4f91fb6409ce04076be3257"

pg-types@~1.12.1:
  version "1.12.1"
  resolved "https://registry.yarnpkg.com/pg-types/-/pg-types-1.12.1.tgz#d64087e3903b58ffaad279e7595c52208a14c3d2"
  dependencies:
    postgres-array "~1.0.0"
    postgres-bytea "~1.0.0"
    postgres-date "~1.0.0"
    postgres-interval "^1.1.0"

pg@^7.4.1:
  version "7.4.1"
  resolved "https://registry.yarnpkg.com/pg/-/pg-7.4.1.tgz#f3411c8ddf9f692322fe05e7017a1888e47f78f1"
  dependencies:
    buffer-writer "1.0.1"
    js-string-escape "1.0.1"
    packet-reader "0.3.1"
    pg-connection-string "0.1.3"
    pg-pool "~2.0.3"
    pg-types "~1.12.1"
    pgpass "1.x"
    semver "4.3.2"

pgpass@1.x:
  version "1.0.2"
  resolved "https://registry.yarnpkg.com/pgpass/-/pgpass-1.0.2.tgz#2a7bb41b6065b67907e91da1b07c1847c877b306"
  dependencies:
    split "^1.0.0"

postgres-array@~1.0.0:
  version "1.0.2"
  resolved "https://registry.yarnpkg.com/postgres-array/-/postgres-array-1.0.2.tgz#8e0b32eb03bf77a5c0a7851e0441c169a256a238"

postgres-bytea@~1.0.0:
  version "1.0.0"
  resolved "https://registry.yarnpkg.com/postgres-bytea/-/postgres-bytea-1.0.0.tgz#027b533c0aa890e26d172d47cf9ccecc521acd35"

postgres-date@~1.0.0:
  version "1.0.3"
  resolved "https://registry.yarnpkg.com/postgres-date/-/postgres-date-1.0.3.tgz#e2d89702efdb258ff9d9cee0fe91bd06975257a8"

"postgres-future@https://github.com/Alexis-De-La-Torre/postgres-future.git":
  version "0.1.0"
  resolved "https://github.com/Alexis-De-La-Torre/postgres-future.git#d0b432d808cb2d994ff49fd27b462b7930147e39"
  dependencies:
    fluture "^8.0.1"
    pg "^7.4.1"
    ramda "^0.25.0"
    sanctuary "^0.14.1"

postgres-interval@^1.1.0:
  version "1.1.1"
  resolved "https://registry.yarnpkg.com/postgres-interval/-/postgres-interval-1.1.1.tgz#acdb0f897b4b1c6e496d9d4e0a853e1c428f06f0"
  dependencies:
    xtend "^4.0.0"

printj@~1.1.0, printj@~1.1.1:
  version "1.1.2"
  resolved "https://registry.yarnpkg.com/printj/-/printj-1.1.2.tgz#d90deb2975a8b9f600fb3a1c94e3f4c53c78a222"

ramda@^0.25.0:
  version "0.25.0"
  resolved "https://registry.yarnpkg.com/ramda/-/ramda-0.25.0.tgz#8fdf68231cffa90bc2f9460390a0cb74a29b29a9"

sanctuary-def@0.14.0:
  version "0.14.0"
  resolved "https://registry.yarnpkg.com/sanctuary-def/-/sanctuary-def-0.14.0.tgz#cebbec591f5a9b211b34b4b942999d6534010fa8"
  dependencies:
    sanctuary-type-classes "7.1.x"
    sanctuary-type-identifiers "2.0.x"

sanctuary-type-classes@7.1.1, sanctuary-type-classes@7.1.x:
  version "7.1.1"
  resolved "https://registry.yarnpkg.com/sanctuary-type-classes/-/sanctuary-type-classes-7.1.1.tgz#084bbd3168d72e60a059f6f78f5b7e391e68ffbb"
  dependencies:
    sanctuary-type-identifiers "1.0.x"

sanctuary-type-classes@^8.0.0:
  version "8.1.0"
  resolved "https://registry.yarnpkg.com/sanctuary-type-classes/-/sanctuary-type-classes-8.1.0.tgz#5761c38f0c1e05a36e44d4650153d6141f5efebe"
  dependencies:
    sanctuary-type-identifiers "1.0.x"

sanctuary-type-identifiers@1.0.x:
  version "1.0.0"
  resolved "https://registry.yarnpkg.com/sanctuary-type-identifiers/-/sanctuary-type-identifiers-1.0.0.tgz#e8f359f006cb5e624cfb8464603fc114608bde9f"

sanctuary-type-identifiers@2.0.1, sanctuary-type-identifiers@2.0.x, sanctuary-type-identifiers@^2.0.0:
  version "2.0.1"
  resolved "https://registry.yarnpkg.com/sanctuary-type-identifiers/-/sanctuary-type-identifiers-2.0.1.tgz#fc524cf6dd92cebfcbb0dd9509eff193159a20ed"

sanctuary@^0.14.1:
  version "0.14.1"
  resolved "https://registry.yarnpkg.com/sanctuary/-/sanctuary-0.14.1.tgz#3bf7613ec79ad28e5997b2901992e5992d3a047b"
  dependencies:
    sanctuary-def "0.14.0"
    sanctuary-type-classes "7.1.1"
    sanctuary-type-identifiers "2.0.1"

semver@4.3.2:
  version "4.3.2"
  resolved "https://registry.yarnpkg.com/semver/-/semver-4.3.2.tgz#c7a07158a80bedd052355b770d82d6640f803be7"

split@^1.0.0:
  version "1.0.1"
  resolved "https://registry.yarnpkg.com/split/-/split-1.0.1.tgz#605bd9be303aa59fb35f9229fbea0ddec9ea07d9"
  dependencies:
    through "2"

ssf@~0.10.1:
  version "0.10.2"
  resolved "https://registry.yarnpkg.com/ssf/-/ssf-0.10.2.tgz#65b2b4fcdfd967bc8e8383a41349009893115976"
  dependencies:
    frac "~1.1.2"

through@2:
  version "2.3.8"
  resolved "https://registry.yarnpkg.com/through/-/through-2.3.8.tgz#0dd4c9ffaabc357960b1b724115d7e0e86a2e1f5"

xlsx@^0.11.10:
  version "0.11.19"
  resolved "https://registry.yarnpkg.com/xlsx/-/xlsx-0.11.19.tgz#2f019d9df756f6345aac5bc1af2442cf22a025e3"
  dependencies:
    adler-32 "~1.2.0"
    cfb "~1.0.2"
    codepage "~1.12.0"
    commander "~2.13.0"
    crc-32 "~1.2.0"
    exit-on-epipe "~1.0.1"
    ssf "~0.10.1"

xtend@^4.0.0:
  version "4.0.1"
  resolved "https://registry.yarnpkg.com/xtend/-/xtend-4.0.1.tgz#a5c6d532be656e23db820efb943a1f04998d63af"
